
Microsoft Visual Studio Solution File, Format Version 12.00
# Visual Studio Version 17
VisualStudioVersion = 17.13.35913.81
MinimumVisualStudioVersion = 10.0.40219.1
Project("{2150E333-8FDC-42A3-9474-1A3956D46DE8}") = "1. Creational Pattern", "1. Creational Pattern", "{02EA681E-C7D8-13C7-8484-4AC65E1B71E8}"
EndProject
Project("{FAE04EC0-301F-11D3-BF4B-00C04F79EFBC}") = "AbstractFactory", "AbstractFactory\AbstractFactory.csproj", "{0EC060D4-0CBB-4732-A92C-9D7019AE30A8}"
EndProject
Project("{FAE04EC0-301F-11D3-BF4B-00C04F79EFBC}") = "FactoryMethod", "FactoryMethod\FactoryMethod.csproj", "{03D60196-DEC3-4707-96C1-3FE8642254CC}"
EndProject
Project("{FAE04EC0-301F-11D3-BF4B-00C04F79EFBC}") = "Builder", "Builder\Builder.csproj", "{B417F862-FBC4-46E0-B0CF-6A574843D539}"
EndProject
Project("{FAE04EC0-301F-11D3-BF4B-00C04F79EFBC}") = "Prototype", "Prototype\Prototype.csproj", "{66C295A6-50AA-40C8-A95E-35F5D399CC42}"
EndProject
Project("{2150E333-8FDC-42A3-9474-1A3956D46DE8}") = "2. Structural Pattern", "2. Structural Pattern", "{D3D64526-2F9D-4575-8F05-8360CA2E8764}"
EndProject
Project("{FAE04EC0-301F-11D3-BF4B-00C04F79EFBC}") = "Adapter", "AdapterPattern\Adapter.csproj", "{849AF327-8345-47E0-B39B-A1115354B996}"
EndProject
Project("{FAE04EC0-301F-11D3-BF4B-00C04F79EFBC}") = "DecoratorPattern", "DecoratorPattern\DecoratorPattern.csproj", "{6105ABA1-BB1F-47B3-832B-353C32585A7D}"
EndProject
Project("{2150E333-8FDC-42A3-9474-1A3956D46DE8}") = "3. Behavioral Pattern", "3. Behavioral Pattern", "{4E5991E7-CFAE-4E88-940F-AD7729A621FB}"
EndProject
Project("{FAE04EC0-301F-11D3-BF4B-00C04F79EFBC}") = "StrategyPattern", "StrategyPattern\StrategyPattern.csproj", "{41AA3E43-F83D-48E6-9F8E-9E00ADB5ED35}"
EndProject
Project("{FAE04EC0-301F-11D3-BF4B-00C04F79EFBC}") = "Bridge", "Bridge\Bridge.csproj", "{477A4735-C836-41A5-AC7F-0E5618AEE3FB}"
EndProject
Project("{FAE04EC0-301F-11D3-BF4B-00C04F79EFBC}") = "Command", "Command\Command.csproj", "{CCE07E13-FEF3-44EF-8C0F-9E5A6AD29E18}"
EndProject
Project("{FAE04EC0-301F-11D3-BF4B-00C04F79EFBC}") = "ProxyPattern", "ProxyPattern\ProxyPattern.csproj", "{16BB513E-711A-44EA-8DA3-546DCA1D845D}"
EndProject
Project("{FAE04EC0-301F-11D3-BF4B-00C04F79EFBC}") = "Facade", "Facade\Facade.csproj", "{E54E7DC4-8F8D-4A49-9193-C15B722FEDA0}"
EndProject
Project("{FAE04EC0-301F-11D3-BF4B-00C04F79EFBC}") = "Composite", "Composite\Composite.csproj", "{1CAB5509-65C4-4339-AF8F-365EE9C78B7F}"
EndProject
Project("{FAE04EC0-301F-11D3-BF4B-00C04F79EFBC}") = "Flyweight", "FlyWeight\Flyweight.csproj", "{E53CDCC5-A6E0-4A8A-B1A5-4AEA7CBB70A8}"
EndProject
Project("{FAE04EC0-301F-11D3-BF4B-00C04F79EFBC}") = "ChainOfResponsibility", "ChainOfResponsibility\ChainOfResponsibility.csproj", "{8DB63883-AE7F-4C20-9D81-98A39428957C}"
EndProject
Project("{FAE04EC0-301F-11D3-BF4B-00C04F79EFBC}") = "Iterator", "Iterator\Iterator.csproj", "{BA86A57D-BC9B-4B1B-8AD2-6412B00A2C76}"
EndProject
Project("{FAE04EC0-301F-11D3-BF4B-00C04F79EFBC}") = "TemplateMethod", "TemplateMethod\TemplateMethod.csproj", "{1F402F31-F539-494C-BF7F-38A2FB1DA270}"
EndProject
Project("{FAE04EC0-301F-11D3-BF4B-00C04F79EFBC}") = "Visitor", "Visitor\Visitor.csproj", "{5D7130D9-92E7-4BBF-B325-4CA400F59019}"
EndProject
Global
	GlobalSection(SolutionConfigurationPlatforms) = preSolution
		Debug|Any CPU = Debug|Any CPU
		Release|Any CPU = Release|Any CPU
	EndGlobalSection
	GlobalSection(ProjectConfigurationPlatforms) = postSolution
		{0EC060D4-0CBB-4732-A92C-9D7019AE30A8}.Debug|Any CPU.ActiveCfg = Debug|Any CPU
		{0EC060D4-0CBB-4732-A92C-9D7019AE30A8}.Debug|Any CPU.Build.0 = Debug|Any CPU
		{0EC060D4-0CBB-4732-A92C-9D7019AE30A8}.Release|Any CPU.ActiveCfg = Release|Any CPU
		{0EC060D4-0CBB-4732-A92C-9D7019AE30A8}.Release|Any CPU.Build.0 = Release|Any CPU
		{03D60196-DEC3-4707-96C1-3FE8642254CC}.Debug|Any CPU.ActiveCfg = Debug|Any CPU
		{03D60196-DEC3-4707-96C1-3FE8642254CC}.Debug|Any CPU.Build.0 = Debug|Any CPU
		{03D60196-DEC3-4707-96C1-3FE8642254CC}.Release|Any CPU.ActiveCfg = Release|Any CPU
		{03D60196-DEC3-4707-96C1-3FE8642254CC}.Release|Any CPU.Build.0 = Release|Any CPU
		{B417F862-FBC4-46E0-B0CF-6A574843D539}.Debug|Any CPU.ActiveCfg = Debug|Any CPU
		{B417F862-FBC4-46E0-B0CF-6A574843D539}.Debug|Any CPU.Build.0 = Debug|Any CPU
		{B417F862-FBC4-46E0-B0CF-6A574843D539}.Release|Any CPU.ActiveCfg = Release|Any CPU
		{B417F862-FBC4-46E0-B0CF-6A574843D539}.Release|Any CPU.Build.0 = Release|Any CPU
		{66C295A6-50AA-40C8-A95E-35F5D399CC42}.Debug|Any CPU.ActiveCfg = Debug|Any CPU
		{66C295A6-50AA-40C8-A95E-35F5D399CC42}.Debug|Any CPU.Build.0 = Debug|Any CPU
		{66C295A6-50AA-40C8-A95E-35F5D399CC42}.Release|Any CPU.ActiveCfg = Release|Any CPU
		{66C295A6-50AA-40C8-A95E-35F5D399CC42}.Release|Any CPU.Build.0 = Release|Any CPU
		{849AF327-8345-47E0-B39B-A1115354B996}.Debug|Any CPU.ActiveCfg = Debug|Any CPU
		{849AF327-8345-47E0-B39B-A1115354B996}.Debug|Any CPU.Build.0 = Debug|Any CPU
		{849AF327-8345-47E0-B39B-A1115354B996}.Release|Any CPU.ActiveCfg = Release|Any CPU
		{849AF327-8345-47E0-B39B-A1115354B996}.Release|Any CPU.Build.0 = Release|Any CPU
		{6105ABA1-BB1F-47B3-832B-353C32585A7D}.Debug|Any CPU.ActiveCfg = Debug|Any CPU
		{6105ABA1-BB1F-47B3-832B-353C32585A7D}.Debug|Any CPU.Build.0 = Debug|Any CPU
		{6105ABA1-BB1F-47B3-832B-353C32585A7D}.Release|Any CPU.ActiveCfg = Release|Any CPU
		{6105ABA1-BB1F-47B3-832B-353C32585A7D}.Release|Any CPU.Build.0 = Release|Any CPU
		{41AA3E43-F83D-48E6-9F8E-9E00ADB5ED35}.Debug|Any CPU.ActiveCfg = Debug|Any CPU
		{41AA3E43-F83D-48E6-9F8E-9E00ADB5ED35}.Debug|Any CPU.Build.0 = Debug|Any CPU
		{41AA3E43-F83D-48E6-9F8E-9E00ADB5ED35}.Release|Any CPU.ActiveCfg = Release|Any CPU
		{41AA3E43-F83D-48E6-9F8E-9E00ADB5ED35}.Release|Any CPU.Build.0 = Release|Any CPU
		{477A4735-C836-41A5-AC7F-0E5618AEE3FB}.Debug|Any CPU.ActiveCfg = Debug|Any CPU
		{477A4735-C836-41A5-AC7F-0E5618AEE3FB}.Debug|Any CPU.Build.0 = Debug|Any CPU
		{477A4735-C836-41A5-AC7F-0E5618AEE3FB}.Release|Any CPU.ActiveCfg = Release|Any CPU
		{477A4735-C836-41A5-AC7F-0E5618AEE3FB}.Release|Any CPU.Build.0 = Release|Any CPU
		{CCE07E13-FEF3-44EF-8C0F-9E5A6AD29E18}.Debug|Any CPU.ActiveCfg = Debug|Any CPU
		{CCE07E13-FEF3-44EF-8C0F-9E5A6AD29E18}.Debug|Any CPU.Build.0 = Debug|Any CPU
		{CCE07E13-FEF3-44EF-8C0F-9E5A6AD29E18}.Release|Any CPU.ActiveCfg = Release|Any CPU
		{CCE07E13-FEF3-44EF-8C0F-9E5A6AD29E18}.Release|Any CPU.Build.0 = Release|Any CPU
		{16BB513E-711A-44EA-8DA3-546DCA1D845D}.Debug|Any CPU.ActiveCfg = Debug|Any CPU
		{16BB513E-711A-44EA-8DA3-546DCA1D845D}.Debug|Any CPU.Build.0 = Debug|Any CPU
		{16BB513E-711A-44EA-8DA3-546DCA1D845D}.Release|Any CPU.ActiveCfg = Release|Any CPU
		{16BB513E-711A-44EA-8DA3-546DCA1D845D}.Release|Any CPU.Build.0 = Release|Any CPU
		{E54E7DC4-8F8D-4A49-9193-C15B722FEDA0}.Debug|Any CPU.ActiveCfg = Debug|Any CPU
		{E54E7DC4-8F8D-4A49-9193-C15B722FEDA0}.Debug|Any CPU.Build.0 = Debug|Any CPU
		{E54E7DC4-8F8D-4A49-9193-C15B722FEDA0}.Release|Any CPU.ActiveCfg = Release|Any CPU
		{E54E7DC4-8F8D-4A49-9193-C15B722FEDA0}.Release|Any CPU.Build.0 = Release|Any CPU
		{1CAB5509-65C4-4339-AF8F-365EE9C78B7F}.Debug|Any CPU.ActiveCfg = Debug|Any CPU
		{1CAB5509-65C4-4339-AF8F-365EE9C78B7F}.Debug|Any CPU.Build.0 = Debug|Any CPU
		{1CAB5509-65C4-4339-AF8F-365EE9C78B7F}.Release|Any CPU.ActiveCfg = Release|Any CPU
		{1CAB5509-65C4-4339-AF8F-365EE9C78B7F}.Release|Any CPU.Build.0 = Release|Any CPU
		{E53CDCC5-A6E0-4A8A-B1A5-4AEA7CBB70A8}.Debug|Any CPU.ActiveCfg = Debug|Any CPU
		{E53CDCC5-A6E0-4A8A-B1A5-4AEA7CBB70A8}.Debug|Any CPU.Build.0 = Debug|Any CPU
		{E53CDCC5-A6E0-4A8A-B1A5-4AEA7CBB70A8}.Release|Any CPU.ActiveCfg = Release|Any CPU
		{E53CDCC5-A6E0-4A8A-B1A5-4AEA7CBB70A8}.Release|Any CPU.Build.0 = Release|Any CPU
		{8DB63883-AE7F-4C20-9D81-98A39428957C}.Debug|Any CPU.ActiveCfg = Debug|Any CPU
		{8DB63883-AE7F-4C20-9D81-98A39428957C}.Debug|Any CPU.Build.0 = Debug|Any CPU
		{8DB63883-AE7F-4C20-9D81-98A39428957C}.Release|Any CPU.ActiveCfg = Release|Any CPU
		{8DB63883-AE7F-4C20-9D81-98A39428957C}.Release|Any CPU.Build.0 = Release|Any CPU
		{BA86A57D-BC9B-4B1B-8AD2-6412B00A2C76}.Debug|Any CPU.ActiveCfg = Debug|Any CPU
		{BA86A57D-BC9B-4B1B-8AD2-6412B00A2C76}.Debug|Any CPU.Build.0 = Debug|Any CPU
		{BA86A57D-BC9B-4B1B-8AD2-6412B00A2C76}.Release|Any CPU.ActiveCfg = Release|Any CPU
		{BA86A57D-BC9B-4B1B-8AD2-6412B00A2C76}.Release|Any CPU.Build.0 = Release|Any CPU
		{1F402F31-F539-494C-BF7F-38A2FB1DA270}.Debug|Any CPU.ActiveCfg = Debug|Any CPU
		{1F402F31-F539-494C-BF7F-38A2FB1DA270}.Debug|Any CPU.Build.0 = Debug|Any CPU
		{1F402F31-F539-494C-BF7F-38A2FB1DA270}.Release|Any CPU.ActiveCfg = Release|Any CPU
		{1F402F31-F539-494C-BF7F-38A2FB1DA270}.Release|Any CPU.Build.0 = Release|Any CPU
		{5D7130D9-92E7-4BBF-B325-4CA400F59019}.Debug|Any CPU.ActiveCfg = Debug|Any CPU
		{5D7130D9-92E7-4BBF-B325-4CA400F59019}.Debug|Any CPU.Build.0 = Debug|Any CPU
		{5D7130D9-92E7-4BBF-B325-4CA400F59019}.Release|Any CPU.ActiveCfg = Release|Any CPU
		{5D7130D9-92E7-4BBF-B325-4CA400F59019}.Release|Any CPU.Build.0 = Release|Any CPU
	EndGlobalSection
	GlobalSection(SolutionProperties) = preSolution
		HideSolutionNode = FALSE
	EndGlobalSection
	GlobalSection(NestedProjects) = preSolution
		{0EC060D4-0CBB-4732-A92C-9D7019AE30A8} = {02EA681E-C7D8-13C7-8484-4AC65E1B71E8}
		{03D60196-DEC3-4707-96C1-3FE8642254CC} = {02EA681E-C7D8-13C7-8484-4AC65E1B71E8}
		{B417F862-FBC4-46E0-B0CF-6A574843D539} = {02EA681E-C7D8-13C7-8484-4AC65E1B71E8}
		{66C295A6-50AA-40C8-A95E-35F5D399CC42} = {02EA681E-C7D8-13C7-8484-4AC65E1B71E8}
		{849AF327-8345-47E0-B39B-A1115354B996} = {D3D64526-2F9D-4575-8F05-8360CA2E8764}
		{6105ABA1-BB1F-47B3-832B-353C32585A7D} = {D3D64526-2F9D-4575-8F05-8360CA2E8764}
		{41AA3E43-F83D-48E6-9F8E-9E00ADB5ED35} = {4E5991E7-CFAE-4E88-940F-AD7729A621FB}
		{477A4735-C836-41A5-AC7F-0E5618AEE3FB} = {D3D64526-2F9D-4575-8F05-8360CA2E8764}
		{CCE07E13-FEF3-44EF-8C0F-9E5A6AD29E18} = {4E5991E7-CFAE-4E88-940F-AD7729A621FB}
		{16BB513E-711A-44EA-8DA3-546DCA1D845D} = {D3D64526-2F9D-4575-8F05-8360CA2E8764}
		{E54E7DC4-8F8D-4A49-9193-C15B722FEDA0} = {D3D64526-2F9D-4575-8F05-8360CA2E8764}
		{1CAB5509-65C4-4339-AF8F-365EE9C78B7F} = {D3D64526-2F9D-4575-8F05-8360CA2E8764}
		{E53CDCC5-A6E0-4A8A-B1A5-4AEA7CBB70A8} = {D3D64526-2F9D-4575-8F05-8360CA2E8764}
		{8DB63883-AE7F-4C20-9D81-98A39428957C} = {4E5991E7-CFAE-4E88-940F-AD7729A621FB}
		{BA86A57D-BC9B-4B1B-8AD2-6412B00A2C76} = {4E5991E7-CFAE-4E88-940F-AD7729A621FB}
		{1F402F31-F539-494C-BF7F-38A2FB1DA270} = {4E5991E7-CFAE-4E88-940F-AD7729A621FB}
		{5D7130D9-92E7-4BBF-B325-4CA400F59019} = {4E5991E7-CFAE-4E88-940F-AD7729A621FB}
	EndGlobalSection
	GlobalSection(ExtensibilityGlobals) = postSolution
		SolutionGuid = {6376E550-DE7F-4B51-844F-5D094F5051BA}
	EndGlobalSection
EndGlobal
