
Microsoft Visual Studio Solution File, Format Version 12.00
# Visual Studio Version 17
VisualStudioVersion = 17.13.35913.81
MinimumVisualStudioVersion = 10.0.40219.1
Project("{2150E333-8FDC-42A3-9474-1A3956D46DE8}") = "CreationalPattern", "CreationalPattern", "{02EA681E-C7D8-13C7-8484-4AC65E1B71E8}"
EndProject
Project("{FAE04EC0-301F-11D3-BF4B-00C04F79EFBC}") = "AbstractFactory", "AbstractFactory\AbstractFactory.csproj", "{0EC060D4-0CBB-4732-A92C-9D7019AE30A8}"
EndProject
Project("{FAE04EC0-301F-11D3-BF4B-00C04F79EFBC}") = "FactoryMethod", "FactoryMethod\FactoryMethod.csproj", "{03D60196-DEC3-4707-96C1-3FE8642254CC}"
EndProject
Project("{FAE04EC0-301F-11D3-BF4B-00C04F79EFBC}") = "Builder", "Builder\Builder.csproj", "{B417F862-FBC4-46E0-B0CF-6A574843D539}"
EndProject
Project("{FAE04EC0-301F-11D3-BF4B-00C04F79EFBC}") = "Prototype", "Prototype\Prototype.csproj", "{66C295A6-50AA-40C8-A95E-35F5D399CC42}"
EndProject
Global
	GlobalSection(SolutionConfigurationPlatforms) = preSolution
		Debug|Any CPU = Debug|Any CPU
		Release|Any CPU = Release|Any CPU
	EndGlobalSection
	GlobalSection(ProjectConfigurationPlatforms) = postSolution
		{0EC060D4-0CBB-4732-A92C-9D7019AE30A8}.Debug|Any CPU.ActiveCfg = Debug|Any CPU
		{0EC060D4-0CBB-4732-A92C-9D7019AE30A8}.Debug|Any CPU.Build.0 = Debug|Any CPU
		{0EC060D4-0CBB-4732-A92C-9D7019AE30A8}.Release|Any CPU.ActiveCfg = Release|Any CPU
		{0EC060D4-0CBB-4732-A92C-9D7019AE30A8}.Release|Any CPU.Build.0 = Release|Any CPU
		{03D60196-DEC3-4707-96C1-3FE8642254CC}.Debug|Any CPU.ActiveCfg = Debug|Any CPU
		{03D60196-DEC3-4707-96C1-3FE8642254CC}.Debug|Any CPU.Build.0 = Debug|Any CPU
		{03D60196-DEC3-4707-96C1-3FE8642254CC}.Release|Any CPU.ActiveCfg = Release|Any CPU
		{03D60196-DEC3-4707-96C1-3FE8642254CC}.Release|Any CPU.Build.0 = Release|Any CPU
		{B417F862-FBC4-46E0-B0CF-6A574843D539}.Debug|Any CPU.ActiveCfg = Debug|Any CPU
		{B417F862-FBC4-46E0-B0CF-6A574843D539}.Debug|Any CPU.Build.0 = Debug|Any CPU
		{B417F862-FBC4-46E0-B0CF-6A574843D539}.Release|Any CPU.ActiveCfg = Release|Any CPU
		{B417F862-FBC4-46E0-B0CF-6A574843D539}.Release|Any CPU.Build.0 = Release|Any CPU
		{66C295A6-50AA-40C8-A95E-35F5D399CC42}.Debug|Any CPU.ActiveCfg = Debug|Any CPU
		{66C295A6-50AA-40C8-A95E-35F5D399CC42}.Debug|Any CPU.Build.0 = Debug|Any CPU
		{66C295A6-50AA-40C8-A95E-35F5D399CC42}.Release|Any CPU.ActiveCfg = Release|Any CPU
		{66C295A6-50AA-40C8-A95E-35F5D399CC42}.Release|Any CPU.Build.0 = Release|Any CPU
	EndGlobalSection
	GlobalSection(SolutionProperties) = preSolution
		HideSolutionNode = FALSE
	EndGlobalSection
	GlobalSection(NestedProjects) = preSolution
		{0EC060D4-0CBB-4732-A92C-9D7019AE30A8} = {02EA681E-C7D8-13C7-8484-4AC65E1B71E8}
		{03D60196-DEC3-4707-96C1-3FE8642254CC} = {02EA681E-C7D8-13C7-8484-4AC65E1B71E8}
		{B417F862-FBC4-46E0-B0CF-6A574843D539} = {02EA681E-C7D8-13C7-8484-4AC65E1B71E8}
		{66C295A6-50AA-40C8-A95E-35F5D399CC42} = {02EA681E-C7D8-13C7-8484-4AC65E1B71E8}
	EndGlobalSection
	GlobalSection(ExtensibilityGlobals) = postSolution
		SolutionGuid = {6376E550-DE7F-4B51-844F-5D094F5051BA}
	EndGlobalSection
EndGlobal
