
Microsoft Visual Studio Solution File, Format Version 12.00
# Visual Studio Version 17
VisualStudioVersion = 17.13.35913.81
MinimumVisualStudioVersion = 10.0.40219.1
Project("{2150E333-8FDC-42A3-9474-1A3956D46DE8}") = "1. Creational Pattern", "1. Creational Pattern", "{02EA681E-C7D8-13C7-8484-4AC65E1B71E8}"
EndProject
Project("{2150E333-8FDC-42A3-9474-1A3956D46DE8}") = "2. Structural Pattern", "2. Structural Pattern", "{D3D64526-2F9D-4575-8F05-8360CA2E8764}"
EndProject
Project("{2150E333-8FDC-42A3-9474-1A3956D46DE8}") = "3. Behavioral Pattern", "3. Behavioral Pattern", "{4E5991E7-CFAE-4E88-940F-AD7729A621FB}"
EndProject
Project("{FAE04EC0-301F-11D3-BF4B-00C04F79EFBC}") = "AbstractFactory", "1. Creational Pattern\AbstractFactory\AbstractFactory.csproj", "{8AB23708-D48C-8AE5-AB4F-B892764E4298}"
EndProject
Project("{FAE04EC0-301F-11D3-BF4B-00C04F79EFBC}") = "Builder", "1. Creational Pattern\Builder\Builder.csproj", "{EAFE5EE1-99D3-CD19-EE76-00D62199ABDF}"
EndProject
Project("{FAE04EC0-301F-11D3-BF4B-00C04F79EFBC}") = "FactoryMethod", "1. Creational Pattern\FactoryMethod\FactoryMethod.csproj", "{71BF9245-8C6C-97D7-76AA-EB127006E8F2}"
EndProject
Project("{FAE04EC0-301F-11D3-BF4B-00C04F79EFBC}") = "Prototype", "1. Creational Pattern\Prototype\Prototype.csproj", "{E83CF348-1440-D813-9BE2-2B5F1F05A1EF}"
EndProject
Project("{FAE04EC0-301F-11D3-BF4B-00C04F79EFBC}") = "Singleton", "1. Creational Pattern\Singleton\Singleton.csproj", "{509D978C-661E-3015-6610-5BA0361F870A}"
EndProject
Project("{FAE04EC0-301F-11D3-BF4B-00C04F79EFBC}") = "Adapter", "2. Structural Pattern\Adapter\Adapter.csproj", "{2D472FC3-4AFC-FFDF-D4BF-C37E461FAB00}"
EndProject
Project("{FAE04EC0-301F-11D3-BF4B-00C04F79EFBC}") = "Bridge", "2. Structural Pattern\Bridge\Bridge.csproj", "{5019BB13-0C32-AD41-ED60-FA1C90EB63BE}"
EndProject
Project("{FAE04EC0-301F-11D3-BF4B-00C04F79EFBC}") = "Composite", "2. Structural Pattern\Composite\Composite.csproj", "{71498528-CB20-8B91-5456-0D6DFC4BF302}"
EndProject
Project("{FAE04EC0-301F-11D3-BF4B-00C04F79EFBC}") = "Decorator", "2. Structural Pattern\Decorator\Decorator.csproj", "{BE850EB8-DF96-5AAB-B490-8D3000B6E5FB}"
EndProject
Project("{FAE04EC0-301F-11D3-BF4B-00C04F79EFBC}") = "Facade", "2. Structural Pattern\Facade\Facade.csproj", "{6B5D7C2F-29AD-BF1B-0DC7-3BE3943A58CE}"
EndProject
Project("{FAE04EC0-301F-11D3-BF4B-00C04F79EFBC}") = "Flyweight", "2. Structural Pattern\FlyWeight\Flyweight.csproj", "{ADD00F81-4256-5D8E-6D58-B85342E2DC3D}"
EndProject
Project("{FAE04EC0-301F-11D3-BF4B-00C04F79EFBC}") = "Proxy", "2. Structural Pattern\Proxy\Proxy.csproj", "{D4FDB285-D9F0-F0BD-CA5C-A241821893A3}"
EndProject
Project("{2150E333-8FDC-42A3-9474-1A3956D46DE8}") = "Solution Items", "Solution Items", "{8EC462FD-D22E-90A8-E5CE-7E832BA40C5D}"
EndProject
Project("{FAE04EC0-301F-11D3-BF4B-00C04F79EFBC}") = "ChainOfResponsibility", "3. Behavioral Pattern\ChainOfResponsibility\ChainOfResponsibility.csproj", "{5A964264-A728-8E11-C79F-D20E9A931D47}"
EndProject
Project("{FAE04EC0-301F-11D3-BF4B-00C04F79EFBC}") = "Command", "3. Behavioral Pattern\Command\Command.csproj", "{19F35CB5-1FF8-6588-8D26-875149FF0219}"
EndProject
Project("{FAE04EC0-301F-11D3-BF4B-00C04F79EFBC}") = "Iterator", "3. Behavioral Pattern\Iterator\Iterator.csproj", "{DD9708FE-AAFB-71BB-DDD5-971E1107E28B}"
EndProject
Project("{FAE04EC0-301F-11D3-BF4B-00C04F79EFBC}") = "Memento", "3. Behavioral Pattern\Memento\Memento.csproj", "{0DB0AF0D-5DE8-619E-CDF5-697D5B156FB0}"
EndProject
Project("{FAE04EC0-301F-11D3-BF4B-00C04F79EFBC}") = "Mediator", "3. Behavioral Pattern\Mediator\Mediator.csproj", "{FC5F5A1E-78AC-489C-B3E8-B95BCB03B7B7}"
EndProject
Project("{FAE04EC0-301F-11D3-BF4B-00C04F79EFBC}") = "Observer", "3. Behavioral Pattern\Observer\Observer.csproj", "{FA5CF749-D3E1-0AE1-BE1D-CFFB7D4085A5}"
EndProject
Project("{FAE04EC0-301F-11D3-BF4B-00C04F79EFBC}") = "State", "3. Behavioral Pattern\State\State.csproj", "{750AE46C-0178-2EA4-1118-6B1813430A5B}"
EndProject
Project("{FAE04EC0-301F-11D3-BF4B-00C04F79EFBC}") = "Strategy", "3. Behavioral Pattern\StrategyPattern\Strategy.csproj", "{D7369764-5987-729D-A509-C251D7F3CFF3}"
EndProject
Project("{FAE04EC0-301F-11D3-BF4B-00C04F79EFBC}") = "TemplateMethod", "3. Behavioral Pattern\TemplateMethod\TemplateMethod.csproj", "{92354E3A-11BF-A9C1-89E3-CE9DF727F7BE}"
EndProject
Project("{FAE04EC0-301F-11D3-BF4B-00C04F79EFBC}") = "Visitor", "3. Behavioral Pattern\Visitor\Visitor.csproj", "{720A5006-A9E4-0564-1B3C-0A571B70E387}"
EndProject
Project("{FAE04EC0-301F-11D3-BF4B-00C04F79EFBC}") = "Interpreter", "3. Behavioral Pattern\Interpreter\Interpreter.csproj", "{DB530D3E-FC45-43A1-B9F1-7F8EC8987353}"
EndProject
Global
	GlobalSection(SolutionConfigurationPlatforms) = preSolution
		Debug|Any CPU = Debug|Any CPU
		Release|Any CPU = Release|Any CPU
	EndGlobalSection
	GlobalSection(ProjectConfigurationPlatforms) = postSolution
		{8AB23708-D48C-8AE5-AB4F-B892764E4298}.Debug|Any CPU.ActiveCfg = Debug|Any CPU
		{8AB23708-D48C-8AE5-AB4F-B892764E4298}.Debug|Any CPU.Build.0 = Debug|Any CPU
		{8AB23708-D48C-8AE5-AB4F-B892764E4298}.Release|Any CPU.ActiveCfg = Release|Any CPU
		{8AB23708-D48C-8AE5-AB4F-B892764E4298}.Release|Any CPU.Build.0 = Release|Any CPU
		{EAFE5EE1-99D3-CD19-EE76-00D62199ABDF}.Debug|Any CPU.ActiveCfg = Debug|Any CPU
		{EAFE5EE1-99D3-CD19-EE76-00D62199ABDF}.Debug|Any CPU.Build.0 = Debug|Any CPU
		{EAFE5EE1-99D3-CD19-EE76-00D62199ABDF}.Release|Any CPU.ActiveCfg = Release|Any CPU
		{EAFE5EE1-99D3-CD19-EE76-00D62199ABDF}.Release|Any CPU.Build.0 = Release|Any CPU
		{71BF9245-8C6C-97D7-76AA-EB127006E8F2}.Debug|Any CPU.ActiveCfg = Debug|Any CPU
		{71BF9245-8C6C-97D7-76AA-EB127006E8F2}.Debug|Any CPU.Build.0 = Debug|Any CPU
		{71BF9245-8C6C-97D7-76AA-EB127006E8F2}.Release|Any CPU.ActiveCfg = Release|Any CPU
		{71BF9245-8C6C-97D7-76AA-EB127006E8F2}.Release|Any CPU.Build.0 = Release|Any CPU
		{E83CF348-1440-D813-9BE2-2B5F1F05A1EF}.Debug|Any CPU.ActiveCfg = Debug|Any CPU
		{E83CF348-1440-D813-9BE2-2B5F1F05A1EF}.Debug|Any CPU.Build.0 = Debug|Any CPU
		{E83CF348-1440-D813-9BE2-2B5F1F05A1EF}.Release|Any CPU.ActiveCfg = Release|Any CPU
		{E83CF348-1440-D813-9BE2-2B5F1F05A1EF}.Release|Any CPU.Build.0 = Release|Any CPU
		{509D978C-661E-3015-6610-5BA0361F870A}.Debug|Any CPU.ActiveCfg = Debug|Any CPU
		{509D978C-661E-3015-6610-5BA0361F870A}.Debug|Any CPU.Build.0 = Debug|Any CPU
		{509D978C-661E-3015-6610-5BA0361F870A}.Release|Any CPU.ActiveCfg = Release|Any CPU
		{509D978C-661E-3015-6610-5BA0361F870A}.Release|Any CPU.Build.0 = Release|Any CPU
		{2D472FC3-4AFC-FFDF-D4BF-C37E461FAB00}.Debug|Any CPU.ActiveCfg = Debug|Any CPU
		{2D472FC3-4AFC-FFDF-D4BF-C37E461FAB00}.Debug|Any CPU.Build.0 = Debug|Any CPU
		{2D472FC3-4AFC-FFDF-D4BF-C37E461FAB00}.Release|Any CPU.ActiveCfg = Release|Any CPU
		{2D472FC3-4AFC-FFDF-D4BF-C37E461FAB00}.Release|Any CPU.Build.0 = Release|Any CPU
		{5019BB13-0C32-AD41-ED60-FA1C90EB63BE}.Debug|Any CPU.ActiveCfg = Debug|Any CPU
		{5019BB13-0C32-AD41-ED60-FA1C90EB63BE}.Debug|Any CPU.Build.0 = Debug|Any CPU
		{5019BB13-0C32-AD41-ED60-FA1C90EB63BE}.Release|Any CPU.ActiveCfg = Release|Any CPU
		{5019BB13-0C32-AD41-ED60-FA1C90EB63BE}.Release|Any CPU.Build.0 = Release|Any CPU
		{71498528-CB20-8B91-5456-0D6DFC4BF302}.Debug|Any CPU.ActiveCfg = Debug|Any CPU
		{71498528-CB20-8B91-5456-0D6DFC4BF302}.Debug|Any CPU.Build.0 = Debug|Any CPU
		{71498528-CB20-8B91-5456-0D6DFC4BF302}.Release|Any CPU.ActiveCfg = Release|Any CPU
		{71498528-CB20-8B91-5456-0D6DFC4BF302}.Release|Any CPU.Build.0 = Release|Any CPU
		{BE850EB8-DF96-5AAB-B490-8D3000B6E5FB}.Debug|Any CPU.ActiveCfg = Debug|Any CPU
		{BE850EB8-DF96-5AAB-B490-8D3000B6E5FB}.Debug|Any CPU.Build.0 = Debug|Any CPU
		{BE850EB8-DF96-5AAB-B490-8D3000B6E5FB}.Release|Any CPU.ActiveCfg = Release|Any CPU
		{BE850EB8-DF96-5AAB-B490-8D3000B6E5FB}.Release|Any CPU.Build.0 = Release|Any CPU
		{6B5D7C2F-29AD-BF1B-0DC7-3BE3943A58CE}.Debug|Any CPU.ActiveCfg = Debug|Any CPU
		{6B5D7C2F-29AD-BF1B-0DC7-3BE3943A58CE}.Debug|Any CPU.Build.0 = Debug|Any CPU
		{6B5D7C2F-29AD-BF1B-0DC7-3BE3943A58CE}.Release|Any CPU.ActiveCfg = Release|Any CPU
		{6B5D7C2F-29AD-BF1B-0DC7-3BE3943A58CE}.Release|Any CPU.Build.0 = Release|Any CPU
		{ADD00F81-4256-5D8E-6D58-B85342E2DC3D}.Debug|Any CPU.ActiveCfg = Debug|Any CPU
		{ADD00F81-4256-5D8E-6D58-B85342E2DC3D}.Debug|Any CPU.Build.0 = Debug|Any CPU
		{ADD00F81-4256-5D8E-6D58-B85342E2DC3D}.Release|Any CPU.ActiveCfg = Release|Any CPU
		{ADD00F81-4256-5D8E-6D58-B85342E2DC3D}.Release|Any CPU.Build.0 = Release|Any CPU
		{D4FDB285-D9F0-F0BD-CA5C-A241821893A3}.Debug|Any CPU.ActiveCfg = Debug|Any CPU
		{D4FDB285-D9F0-F0BD-CA5C-A241821893A3}.Debug|Any CPU.Build.0 = Debug|Any CPU
		{D4FDB285-D9F0-F0BD-CA5C-A241821893A3}.Release|Any CPU.ActiveCfg = Release|Any CPU
		{D4FDB285-D9F0-F0BD-CA5C-A241821893A3}.Release|Any CPU.Build.0 = Release|Any CPU
		{5A964264-A728-8E11-C79F-D20E9A931D47}.Debug|Any CPU.ActiveCfg = Debug|Any CPU
		{5A964264-A728-8E11-C79F-D20E9A931D47}.Debug|Any CPU.Build.0 = Debug|Any CPU
		{5A964264-A728-8E11-C79F-D20E9A931D47}.Release|Any CPU.ActiveCfg = Release|Any CPU
		{5A964264-A728-8E11-C79F-D20E9A931D47}.Release|Any CPU.Build.0 = Release|Any CPU
		{19F35CB5-1FF8-6588-8D26-875149FF0219}.Debug|Any CPU.ActiveCfg = Debug|Any CPU
		{19F35CB5-1FF8-6588-8D26-875149FF0219}.Debug|Any CPU.Build.0 = Debug|Any CPU
		{19F35CB5-1FF8-6588-8D26-875149FF0219}.Release|Any CPU.ActiveCfg = Release|Any CPU
		{19F35CB5-1FF8-6588-8D26-875149FF0219}.Release|Any CPU.Build.0 = Release|Any CPU
		{DD9708FE-AAFB-71BB-DDD5-971E1107E28B}.Debug|Any CPU.ActiveCfg = Debug|Any CPU
		{DD9708FE-AAFB-71BB-DDD5-971E1107E28B}.Debug|Any CPU.Build.0 = Debug|Any CPU
		{DD9708FE-AAFB-71BB-DDD5-971E1107E28B}.Release|Any CPU.ActiveCfg = Release|Any CPU
		{DD9708FE-AAFB-71BB-DDD5-971E1107E28B}.Release|Any CPU.Build.0 = Release|Any CPU
		{0DB0AF0D-5DE8-619E-CDF5-697D5B156FB0}.Debug|Any CPU.ActiveCfg = Debug|Any CPU
		{0DB0AF0D-5DE8-619E-CDF5-697D5B156FB0}.Debug|Any CPU.Build.0 = Debug|Any CPU
		{0DB0AF0D-5DE8-619E-CDF5-697D5B156FB0}.Release|Any CPU.ActiveCfg = Release|Any CPU
		{0DB0AF0D-5DE8-619E-CDF5-697D5B156FB0}.Release|Any CPU.Build.0 = Release|Any CPU
		{FC5F5A1E-78AC-489C-B3E8-B95BCB03B7B7}.Debug|Any CPU.ActiveCfg = Debug|Any CPU
		{FC5F5A1E-78AC-489C-B3E8-B95BCB03B7B7}.Debug|Any CPU.Build.0 = Debug|Any CPU
		{FC5F5A1E-78AC-489C-B3E8-B95BCB03B7B7}.Release|Any CPU.ActiveCfg = Release|Any CPU
		{FC5F5A1E-78AC-489C-B3E8-B95BCB03B7B7}.Release|Any CPU.Build.0 = Release|Any CPU
		{FA5CF749-D3E1-0AE1-BE1D-CFFB7D4085A5}.Debug|Any CPU.ActiveCfg = Debug|Any CPU
		{FA5CF749-D3E1-0AE1-BE1D-CFFB7D4085A5}.Debug|Any CPU.Build.0 = Debug|Any CPU
		{FA5CF749-D3E1-0AE1-BE1D-CFFB7D4085A5}.Release|Any CPU.ActiveCfg = Release|Any CPU
		{FA5CF749-D3E1-0AE1-BE1D-CFFB7D4085A5}.Release|Any CPU.Build.0 = Release|Any CPU
		{750AE46C-0178-2EA4-1118-6B1813430A5B}.Debug|Any CPU.ActiveCfg = Debug|Any CPU
		{750AE46C-0178-2EA4-1118-6B1813430A5B}.Debug|Any CPU.Build.0 = Debug|Any CPU
		{750AE46C-0178-2EA4-1118-6B1813430A5B}.Release|Any CPU.ActiveCfg = Release|Any CPU
		{750AE46C-0178-2EA4-1118-6B1813430A5B}.Release|Any CPU.Build.0 = Release|Any CPU
		{D7369764-5987-729D-A509-C251D7F3CFF3}.Debug|Any CPU.ActiveCfg = Debug|Any CPU
		{D7369764-5987-729D-A509-C251D7F3CFF3}.Debug|Any CPU.Build.0 = Debug|Any CPU
		{D7369764-5987-729D-A509-C251D7F3CFF3}.Release|Any CPU.ActiveCfg = Release|Any CPU
		{D7369764-5987-729D-A509-C251D7F3CFF3}.Release|Any CPU.Build.0 = Release|Any CPU
		{92354E3A-11BF-A9C1-89E3-CE9DF727F7BE}.Debug|Any CPU.ActiveCfg = Debug|Any CPU
		{92354E3A-11BF-A9C1-89E3-CE9DF727F7BE}.Debug|Any CPU.Build.0 = Debug|Any CPU
		{92354E3A-11BF-A9C1-89E3-CE9DF727F7BE}.Release|Any CPU.ActiveCfg = Release|Any CPU
		{92354E3A-11BF-A9C1-89E3-CE9DF727F7BE}.Release|Any CPU.Build.0 = Release|Any CPU
		{720A5006-A9E4-0564-1B3C-0A571B70E387}.Debug|Any CPU.ActiveCfg = Debug|Any CPU
		{720A5006-A9E4-0564-1B3C-0A571B70E387}.Debug|Any CPU.Build.0 = Debug|Any CPU
		{720A5006-A9E4-0564-1B3C-0A571B70E387}.Release|Any CPU.ActiveCfg = Release|Any CPU
		{720A5006-A9E4-0564-1B3C-0A571B70E387}.Release|Any CPU.Build.0 = Release|Any CPU
		{DB530D3E-FC45-43A1-B9F1-7F8EC8987353}.Debug|Any CPU.ActiveCfg = Debug|Any CPU
		{DB530D3E-FC45-43A1-B9F1-7F8EC8987353}.Debug|Any CPU.Build.0 = Debug|Any CPU
		{DB530D3E-FC45-43A1-B9F1-7F8EC8987353}.Release|Any CPU.ActiveCfg = Release|Any CPU
		{DB530D3E-FC45-43A1-B9F1-7F8EC8987353}.Release|Any CPU.Build.0 = Release|Any CPU
	EndGlobalSection
	GlobalSection(SolutionProperties) = preSolution
		HideSolutionNode = FALSE
	EndGlobalSection
	GlobalSection(NestedProjects) = preSolution
		{8AB23708-D48C-8AE5-AB4F-B892764E4298} = {02EA681E-C7D8-13C7-8484-4AC65E1B71E8}
		{EAFE5EE1-99D3-CD19-EE76-00D62199ABDF} = {02EA681E-C7D8-13C7-8484-4AC65E1B71E8}
		{71BF9245-8C6C-97D7-76AA-EB127006E8F2} = {02EA681E-C7D8-13C7-8484-4AC65E1B71E8}
		{E83CF348-1440-D813-9BE2-2B5F1F05A1EF} = {02EA681E-C7D8-13C7-8484-4AC65E1B71E8}
		{509D978C-661E-3015-6610-5BA0361F870A} = {02EA681E-C7D8-13C7-8484-4AC65E1B71E8}
		{2D472FC3-4AFC-FFDF-D4BF-C37E461FAB00} = {D3D64526-2F9D-4575-8F05-8360CA2E8764}
		{5019BB13-0C32-AD41-ED60-FA1C90EB63BE} = {D3D64526-2F9D-4575-8F05-8360CA2E8764}
		{71498528-CB20-8B91-5456-0D6DFC4BF302} = {D3D64526-2F9D-4575-8F05-8360CA2E8764}
		{BE850EB8-DF96-5AAB-B490-8D3000B6E5FB} = {D3D64526-2F9D-4575-8F05-8360CA2E8764}
		{6B5D7C2F-29AD-BF1B-0DC7-3BE3943A58CE} = {D3D64526-2F9D-4575-8F05-8360CA2E8764}
		{ADD00F81-4256-5D8E-6D58-B85342E2DC3D} = {D3D64526-2F9D-4575-8F05-8360CA2E8764}
		{D4FDB285-D9F0-F0BD-CA5C-A241821893A3} = {D3D64526-2F9D-4575-8F05-8360CA2E8764}
		{5A964264-A728-8E11-C79F-D20E9A931D47} = {4E5991E7-CFAE-4E88-940F-AD7729A621FB}
		{19F35CB5-1FF8-6588-8D26-875149FF0219} = {4E5991E7-CFAE-4E88-940F-AD7729A621FB}
		{DD9708FE-AAFB-71BB-DDD5-971E1107E28B} = {4E5991E7-CFAE-4E88-940F-AD7729A621FB}
		{0DB0AF0D-5DE8-619E-CDF5-697D5B156FB0} = {4E5991E7-CFAE-4E88-940F-AD7729A621FB}
		{FC5F5A1E-78AC-489C-B3E8-B95BCB03B7B7} = {4E5991E7-CFAE-4E88-940F-AD7729A621FB}
		{FA5CF749-D3E1-0AE1-BE1D-CFFB7D4085A5} = {4E5991E7-CFAE-4E88-940F-AD7729A621FB}
		{750AE46C-0178-2EA4-1118-6B1813430A5B} = {4E5991E7-CFAE-4E88-940F-AD7729A621FB}
		{D7369764-5987-729D-A509-C251D7F3CFF3} = {4E5991E7-CFAE-4E88-940F-AD7729A621FB}
		{92354E3A-11BF-A9C1-89E3-CE9DF727F7BE} = {4E5991E7-CFAE-4E88-940F-AD7729A621FB}
		{720A5006-A9E4-0564-1B3C-0A571B70E387} = {4E5991E7-CFAE-4E88-940F-AD7729A621FB}
		{DB530D3E-FC45-43A1-B9F1-7F8EC8987353} = {4E5991E7-CFAE-4E88-940F-AD7729A621FB}
	EndGlobalSection
	GlobalSection(ExtensibilityGlobals) = postSolution
		SolutionGuid = {6376E550-DE7F-4B51-844F-5D094F5051BA}
	EndGlobalSection
EndGlobal
